
Microsoft Visual Studio Solution File, Format Version 12.00
# Visual Studio Version 17
VisualStudioVersion = 17.8.34511.84
MinimumVisualStudioVersion = 10.0.40219.1
Project("{FAE04EC0-301F-11D3-BF4B-00C04F79EFBC}") = "CIT 195 Lesson 5 Club Interface", "CIT 195 Lesson 5 Club Interface.csproj", "{3065C442-A89B-4272-B13E-26F5DB1F56A4}"
EndProject
Global
	GlobalSection(SolutionConfigurationPlatforms) = preSolution
		Debug|Any CPU = Debug|Any CPU
		Release|Any CPU = Release|Any CPU
	EndGlobalSection
	GlobalSection(ProjectConfigurationPlatforms) = postSolution
		{3065C442-A89B-4272-B13E-26F5DB1F56A4}.Debug|Any CPU.ActiveCfg = Debug|Any CPU
		{3065C442-A89B-4272-B13E-26F5DB1F56A4}.Debug|Any CPU.Build.0 = Debug|Any CPU
		{3065C442-A89B-4272-B13E-26F5DB1F56A4}.Release|Any CPU.ActiveCfg = Release|Any CPU
		{3065C442-A89B-4272-B13E-26F5DB1F56A4}.Release|Any CPU.Build.0 = Release|Any CPU
	EndGlobalSection
	GlobalSection(SolutionProperties) = preSolution
		HideSolutionNode = FALSE
	EndGlobalSection
	GlobalSection(ExtensibilityGlobals) = postSolution
		SolutionGuid = {9E0F4B32-C03D-4FBC-8FD7-EFBE143322DE}
	EndGlobalSection
EndGlobal
